
Microsoft Visual Studio Solution File, Format Version 12.00
# Visual Studio Version 17
VisualStudioVersion = 17.5.33502.453
MinimumVisualStudioVersion = 10.0.40219.1
Project("{FAE04EC0-301F-11D3-BF4B-00C04F79EFBC}") = "Perfect Number 2-1000", "Perfect Number 2-1000.csproj", "{6B1F20D4-A68C-409C-8960-2E7E86ABDE6F}"
EndProject
Global
	GlobalSection(SolutionConfigurationPlatforms) = preSolution
		Debug|Any CPU = Debug|Any CPU
		Release|Any CPU = Release|Any CPU
	EndGlobalSection
	GlobalSection(ProjectConfigurationPlatforms) = postSolution
		{6B1F20D4-A68C-409C-8960-2E7E86ABDE6F}.Debug|Any CPU.ActiveCfg = Debug|Any CPU
		{6B1F20D4-A68C-409C-8960-2E7E86ABDE6F}.Debug|Any CPU.Build.0 = Debug|Any CPU
		{6B1F20D4-A68C-409C-8960-2E7E86ABDE6F}.Release|Any CPU.ActiveCfg = Release|Any CPU
		{6B1F20D4-A68C-409C-8960-2E7E86ABDE6F}.Release|Any CPU.Build.0 = Release|Any CPU
	EndGlobalSection
	GlobalSection(SolutionProperties) = preSolution
		HideSolutionNode = FALSE
	EndGlobalSection
	GlobalSection(ExtensibilityGlobals) = postSolution
		SolutionGuid = {0954E0C7-C3D3-4CB3-B0A3-4760883A3E02}
	EndGlobalSection
EndGlobal
