
Microsoft Visual Studio Solution File, Format Version 12.00
# Visual Studio Version 17
VisualStudioVersion = 17.5.33502.453
MinimumVisualStudioVersion = 10.0.40219.1
Project("{FAE04EC0-301F-11D3-BF4B-00C04F79EFBC}") = "Perfect Number", "Perfect Number.csproj", "{0974B974-A242-4CAD-8848-42370B5F9262}"
EndProject
Global
	GlobalSection(SolutionConfigurationPlatforms) = preSolution
		Debug|Any CPU = Debug|Any CPU
		Release|Any CPU = Release|Any CPU
	EndGlobalSection
	GlobalSection(ProjectConfigurationPlatforms) = postSolution
		{0974B974-A242-4CAD-8848-42370B5F9262}.Debug|Any CPU.ActiveCfg = Debug|Any CPU
		{0974B974-A242-4CAD-8848-42370B5F9262}.Debug|Any CPU.Build.0 = Debug|Any CPU
		{0974B974-A242-4CAD-8848-42370B5F9262}.Release|Any CPU.ActiveCfg = Release|Any CPU
		{0974B974-A242-4CAD-8848-42370B5F9262}.Release|Any CPU.Build.0 = Release|Any CPU
	EndGlobalSection
	GlobalSection(SolutionProperties) = preSolution
		HideSolutionNode = FALSE
	EndGlobalSection
	GlobalSection(ExtensibilityGlobals) = postSolution
		SolutionGuid = {C50E8ACC-99DC-490C-AAC2-C04CA28EB18E}
	EndGlobalSection
EndGlobal
